
Microsoft Visual Studio Solution File, Format Version 12.00
# Visual Studio 15
VisualStudioVersion = 15.0.28307.2017
MinimumVisualStudioVersion = 10.0.40219.1
Project("{FAE04EC0-301F-11D3-BF4B-00C04F79EFBC}") = "SimpleInterestCalculator", "SimpleInterestCalculator\SimpleInterestCalculator.csproj", "{62739A00-115A-4727-A118-6C7022644594}"
EndProject
Global
	GlobalSection(SolutionConfigurationPlatforms) = preSolution
		Debug|Any CPU = Debug|Any CPU
		Release|Any CPU = Release|Any CPU
	EndGlobalSection
	GlobalSection(ProjectConfigurationPlatforms) = postSolution
		{62739A00-115A-4727-A118-6C7022644594}.Debug|Any CPU.ActiveCfg = Debug|Any CPU
		{62739A00-115A-4727-A118-6C7022644594}.Debug|Any CPU.Build.0 = Debug|Any CPU
		{62739A00-115A-4727-A118-6C7022644594}.Release|Any CPU.ActiveCfg = Release|Any CPU
		{62739A00-115A-4727-A118-6C7022644594}.Release|Any CPU.Build.0 = Release|Any CPU
	EndGlobalSection
	GlobalSection(SolutionProperties) = preSolution
		HideSolutionNode = FALSE
	EndGlobalSection
	GlobalSection(ExtensibilityGlobals) = postSolution
		SolutionGuid = {C23239D8-65E3-4122-AE3A-71665191C03B}
	EndGlobalSection
EndGlobal
